buf.build/gen/go/rediver/api/connectrpc/go v1.19.2-20260501144820-b34a7b34c737.1 h1:Gx8CbWzZCGTYm8BKqyL1VuFCtrkSQmj33zdOyTKHmbE=
buf.build/gen/go/rediver/api/connectrpc/go v1.19.2-20260501144820-b34a7b34c737.1/go.mod h1:XSNl/UllTZahYcdd+3dWwXKb/ddUrn8Oz3QwDDqvr9E=
buf.build/gen/go/rediver/api/protocolbuffers/go v1.36.11-20260501144820-b34a7b34c737.1 h1:ft+fyv5o8POHGWAj7fFrHqjyFBq4Rr/avJvySzqyCDc=
buf.build/gen/go/rediver/api/protocolbuffers/go v1.36.11-20260501144820-b34a7b34c737.1/go.mod h1:OO5shgW8NunsGQ3ONewyB4dBd4C/8YPciYukTcEwkF4=
connectrpc.com/connect v1.19.2 h1:McQ83FGdzL+t60peksi0gXC7MQ/iLKgLduAnThbM0mo=
connectrpc.com/connect v1.19.2/go.mod h1:tN20fjdGlewnSFeZxLKb0xwIZ6ozc3OQs2hTXy4du9w=
github.com/google/go-cmp v0.7.0 h1:wk8382ETsv4JYUZwIsn6YpYiWiBsYLSJiTsyBybVuN8=
github.com/google/go-cmp v0.7.0/go.mod h1:pXiqmnSA92OHEEa9HXL2W4E7lf9JzCmGVUdgjX3N/iU=
github.com/joho/godotenv v1.5.1 h1:7eLL/+HRGLY0ldzfGMeQkb7vMd0as4CfYvUVzLqw0N0=
github.com/joho/godotenv v1.5.1/go.mod h1:f4LDr5Voq0i2e/R5DDNOoa2zzDfwtkZa6DnEwAbqwq4=
golang.org/x/sync v0.20.0 h1:e0PTpb7pjO8GAtTs2dQ6jYa5BWYlMuX047Dco/pItO4=
golang.org/x/sync v0.20.0/go.mod h1:9xrNwdLfx4jkKbNva9FpL6vEN7evnE43NNNJQ2LF3+0=
google.golang.org/protobuf v1.36.11 h1:fV6ZwhNocDyBLK0dj+fg8ektcVegBBuEolpbTQyBNVE=
google.golang.org/protobuf v1.36.11/go.mod h1:HTf+CrKn2C3g5S8VImy6tdcUvCska2kB7j23XfzDpco=
